
Microsoft Visual Studio Solution File, Format Version 12.00
# Visual Studio Version 16
VisualStudioVersion = 16.0.29926.136
MinimumVisualStudioVersion = 10.0.40219.1
Project("{9A19103F-16F7-4668-BE54-9A1E7A4F7556}") = "API", "API\API.csproj", "{F802AE64-CDDB-4326-B9F7-B261B815B3F1}"
EndProject
Project("{9A19103F-16F7-4668-BE54-9A1E7A4F7556}") = "IntegrationTests", "IntegrationTests\IntegrationTests.csproj", "{DF814D0F-46A3-4B5F-AFE3-91516DC61BD7}"
EndProject
Project("{9A19103F-16F7-4668-BE54-9A1E7A4F7556}") = "UnitTests", "UnitTests\UnitTests.csproj", "{2DF7E580-E1B4-44F5-A13D-374659DD30B4}"
EndProject
Project("{9A19103F-16F7-4668-BE54-9A1E7A4F7556}") = "Core", "Core\Core.csproj", "{E25D1B79-6A47-4DD9-A4E1-6EB9DD29F500}"
EndProject
Project("{9A19103F-16F7-4668-BE54-9A1E7A4F7556}") = "Infrastructure", "Infrastructure\Infrastructure.csproj", "{2C5E1729-94C3-42A6-9A8E-15480EA406CB}"
EndProject
Project("{9A19103F-16F7-4668-BE54-9A1E7A4F7556}") = "AdminPanel", "AdminPanel\AdminPanel.csproj", "{BD4F9A76-8B61-40BE-AFB7-7E26CC69D379}"
EndProject
Project("{FAE04EC0-301F-11D3-BF4B-00C04F79EFBC}") = "DatabaseAccess", "DatabaseAccess\DatabaseAccess.csproj", "{34BC4555-6134-45F0-B124-B89577A4605E}"
EndProject
Project("{FAE04EC0-301F-11D3-BF4B-00C04F79EFBC}") = "BookService", "BookService\BookService.csproj", "{C3D66C53-28B7-4908-B761-1DB59A10469A}"
EndProject
Project("{FAE04EC0-301F-11D3-BF4B-00C04F79EFBC}") = "OrderService", "OrderService\OrderService.csproj", "{44FB8075-CF4D-45CD-9C29-48BADF0172CC}"
EndProject
Project("{FAE04EC0-301F-11D3-BF4B-00C04F79EFBC}") = "AuthService", "AuthService\AuthService.csproj", "{1332E94F-34AF-48E1-AB85-E20FB615A63E}"
EndProject
Global
	GlobalSection(SolutionConfigurationPlatforms) = preSolution
		Debug|Any CPU = Debug|Any CPU
		Release|Any CPU = Release|Any CPU
	EndGlobalSection
	GlobalSection(ProjectConfigurationPlatforms) = postSolution
		{F802AE64-CDDB-4326-B9F7-B261B815B3F1}.Debug|Any CPU.ActiveCfg = Debug|Any CPU
		{F802AE64-CDDB-4326-B9F7-B261B815B3F1}.Debug|Any CPU.Build.0 = Debug|Any CPU
		{F802AE64-CDDB-4326-B9F7-B261B815B3F1}.Release|Any CPU.ActiveCfg = Release|Any CPU
		{F802AE64-CDDB-4326-B9F7-B261B815B3F1}.Release|Any CPU.Build.0 = Release|Any CPU
		{DF814D0F-46A3-4B5F-AFE3-91516DC61BD7}.Debug|Any CPU.ActiveCfg = Debug|Any CPU
		{DF814D0F-46A3-4B5F-AFE3-91516DC61BD7}.Debug|Any CPU.Build.0 = Debug|Any CPU
		{DF814D0F-46A3-4B5F-AFE3-91516DC61BD7}.Release|Any CPU.ActiveCfg = Release|Any CPU
		{DF814D0F-46A3-4B5F-AFE3-91516DC61BD7}.Release|Any CPU.Build.0 = Release|Any CPU
		{2DF7E580-E1B4-44F5-A13D-374659DD30B4}.Debug|Any CPU.ActiveCfg = Debug|Any CPU
		{2DF7E580-E1B4-44F5-A13D-374659DD30B4}.Debug|Any CPU.Build.0 = Debug|Any CPU
		{2DF7E580-E1B4-44F5-A13D-374659DD30B4}.Release|Any CPU.ActiveCfg = Release|Any CPU
		{2DF7E580-E1B4-44F5-A13D-374659DD30B4}.Release|Any CPU.Build.0 = Release|Any CPU
		{E25D1B79-6A47-4DD9-A4E1-6EB9DD29F500}.Debug|Any CPU.ActiveCfg = Debug|Any CPU
		{E25D1B79-6A47-4DD9-A4E1-6EB9DD29F500}.Debug|Any CPU.Build.0 = Debug|Any CPU
		{E25D1B79-6A47-4DD9-A4E1-6EB9DD29F500}.Release|Any CPU.ActiveCfg = Release|Any CPU
		{E25D1B79-6A47-4DD9-A4E1-6EB9DD29F500}.Release|Any CPU.Build.0 = Release|Any CPU
		{2C5E1729-94C3-42A6-9A8E-15480EA406CB}.Debug|Any CPU.ActiveCfg = Debug|Any CPU
		{2C5E1729-94C3-42A6-9A8E-15480EA406CB}.Debug|Any CPU.Build.0 = Debug|Any CPU
		{2C5E1729-94C3-42A6-9A8E-15480EA406CB}.Release|Any CPU.ActiveCfg = Release|Any CPU
		{2C5E1729-94C3-42A6-9A8E-15480EA406CB}.Release|Any CPU.Build.0 = Release|Any CPU
		{BD4F9A76-8B61-40BE-AFB7-7E26CC69D379}.Debug|Any CPU.ActiveCfg = Debug|Any CPU
		{BD4F9A76-8B61-40BE-AFB7-7E26CC69D379}.Debug|Any CPU.Build.0 = Debug|Any CPU
		{BD4F9A76-8B61-40BE-AFB7-7E26CC69D379}.Release|Any CPU.ActiveCfg = Release|Any CPU
		{BD4F9A76-8B61-40BE-AFB7-7E26CC69D379}.Release|Any CPU.Build.0 = Release|Any CPU
		{34BC4555-6134-45F0-B124-B89577A4605E}.Debug|Any CPU.ActiveCfg = Debug|Any CPU
		{34BC4555-6134-45F0-B124-B89577A4605E}.Debug|Any CPU.Build.0 = Debug|Any CPU
		{34BC4555-6134-45F0-B124-B89577A4605E}.Release|Any CPU.ActiveCfg = Release|Any CPU
		{34BC4555-6134-45F0-B124-B89577A4605E}.Release|Any CPU.Build.0 = Release|Any CPU
		{C3D66C53-28B7-4908-B761-1DB59A10469A}.Debug|Any CPU.ActiveCfg = Debug|Any CPU
		{C3D66C53-28B7-4908-B761-1DB59A10469A}.Debug|Any CPU.Build.0 = Debug|Any CPU
		{C3D66C53-28B7-4908-B761-1DB59A10469A}.Release|Any CPU.ActiveCfg = Release|Any CPU
		{C3D66C53-28B7-4908-B761-1DB59A10469A}.Release|Any CPU.Build.0 = Release|Any CPU
		{44FB8075-CF4D-45CD-9C29-48BADF0172CC}.Debug|Any CPU.ActiveCfg = Debug|Any CPU
		{44FB8075-CF4D-45CD-9C29-48BADF0172CC}.Debug|Any CPU.Build.0 = Debug|Any CPU
		{44FB8075-CF4D-45CD-9C29-48BADF0172CC}.Release|Any CPU.ActiveCfg = Release|Any CPU
		{44FB8075-CF4D-45CD-9C29-48BADF0172CC}.Release|Any CPU.Build.0 = Release|Any CPU
		{1332E94F-34AF-48E1-AB85-E20FB615A63E}.Debug|Any CPU.ActiveCfg = Debug|Any CPU
		{1332E94F-34AF-48E1-AB85-E20FB615A63E}.Debug|Any CPU.Build.0 = Debug|Any CPU
		{1332E94F-34AF-48E1-AB85-E20FB615A63E}.Release|Any CPU.ActiveCfg = Release|Any CPU
		{1332E94F-34AF-48E1-AB85-E20FB615A63E}.Release|Any CPU.Build.0 = Release|Any CPU
	EndGlobalSection
	GlobalSection(SolutionProperties) = preSolution
		HideSolutionNode = FALSE
	EndGlobalSection
	GlobalSection(ExtensibilityGlobals) = postSolution
		SolutionGuid = {681D7EA6-B586-475C-8B51-9ADE681467A4}
	EndGlobalSection
EndGlobal
