
Microsoft Visual Studio Solution File, Format Version 12.00
# Visual Studio 15
VisualStudioVersion = 15.0.26730.16
MinimumVisualStudioVersion = 10.0.40219.1
Project("{FAE04EC0-301F-11D3-BF4B-00C04F79EFBC}") = "Ksiegarnia", "Ksiegarnia\Ksiegarnia.csproj", "{F802AE64-CDDB-4326-B9F7-B261B815B3F1}"
EndProject
Global
	GlobalSection(SolutionConfigurationPlatforms) = preSolution
		Debug|Any CPU = Debug|Any CPU
		Release|Any CPU = Release|Any CPU
	EndGlobalSection
	GlobalSection(ProjectConfigurationPlatforms) = postSolution
		{F802AE64-CDDB-4326-B9F7-B261B815B3F1}.Debug|Any CPU.ActiveCfg = Debug|Any CPU
		{F802AE64-CDDB-4326-B9F7-B261B815B3F1}.Debug|Any CPU.Build.0 = Debug|Any CPU
		{F802AE64-CDDB-4326-B9F7-B261B815B3F1}.Release|Any CPU.ActiveCfg = Release|Any CPU
		{F802AE64-CDDB-4326-B9F7-B261B815B3F1}.Release|Any CPU.Build.0 = Release|Any CPU
	EndGlobalSection
	GlobalSection(SolutionProperties) = preSolution
		HideSolutionNode = FALSE
	EndGlobalSection
	GlobalSection(ExtensibilityGlobals) = postSolution
		SolutionGuid = {681D7EA6-B586-475C-8B51-9ADE681467A4}
	EndGlobalSection
EndGlobal
